
Microsoft Visual Studio Solution File, Format Version 12.00
# Visual Studio Version 17
VisualStudioVersion = 17.10.34916.146
MinimumVisualStudioVersion = 10.0.40219.1
Project("{9A19103F-16F7-4668-BE54-9A1E7A4F7556}") = "DesafioEstagiário", "DesafioEstagiário\DesafioEstagiário.csproj", "{60AEF302-44DA-44BF-8CBB-20E6712F1EF0}"
EndProject
Project("{9A19103F-16F7-4668-BE54-9A1E7A4F7556}") = "Dominio", "Dominio\Dominio.csproj", "{916358CD-74A9-4A19-A745-5D6133A0136C}"
EndProject
Project("{9A19103F-16F7-4668-BE54-9A1E7A4F7556}") = "Infraestrutura", "Infraestrutura\Infraestrutura.csproj", "{6F51EB41-854C-4DF7-AA26-C7C41E874148}"
EndProject
Project("{9A19103F-16F7-4668-BE54-9A1E7A4F7556}") = "Servicos", "Servicos\Servicos.csproj", "{6BD23F44-376E-43F3-BB0D-51CF3773063C}"
EndProject
Project("{FAE04EC0-301F-11D3-BF4B-00C04F79EFBC}") = "DesafioEstagiario.Testes", "DesafioEstagiario.Testes\DesafioEstagiario.Testes.csproj", "{E8D08138-0095-4FC5-83A4-1E317CD92C4E}"
EndProject
Global
	GlobalSection(SolutionConfigurationPlatforms) = preSolution
		Debug|Any CPU = Debug|Any CPU
		Release|Any CPU = Release|Any CPU
	EndGlobalSection
	GlobalSection(ProjectConfigurationPlatforms) = postSolution
		{60AEF302-44DA-44BF-8CBB-20E6712F1EF0}.Debug|Any CPU.ActiveCfg = Debug|Any CPU
		{60AEF302-44DA-44BF-8CBB-20E6712F1EF0}.Debug|Any CPU.Build.0 = Debug|Any CPU
		{60AEF302-44DA-44BF-8CBB-20E6712F1EF0}.Release|Any CPU.ActiveCfg = Release|Any CPU
		{60AEF302-44DA-44BF-8CBB-20E6712F1EF0}.Release|Any CPU.Build.0 = Release|Any CPU
		{916358CD-74A9-4A19-A745-5D6133A0136C}.Debug|Any CPU.ActiveCfg = Debug|Any CPU
		{916358CD-74A9-4A19-A745-5D6133A0136C}.Debug|Any CPU.Build.0 = Debug|Any CPU
		{916358CD-74A9-4A19-A745-5D6133A0136C}.Release|Any CPU.ActiveCfg = Release|Any CPU
		{916358CD-74A9-4A19-A745-5D6133A0136C}.Release|Any CPU.Build.0 = Release|Any CPU
		{6F51EB41-854C-4DF7-AA26-C7C41E874148}.Debug|Any CPU.ActiveCfg = Debug|Any CPU
		{6F51EB41-854C-4DF7-AA26-C7C41E874148}.Debug|Any CPU.Build.0 = Debug|Any CPU
		{6F51EB41-854C-4DF7-AA26-C7C41E874148}.Release|Any CPU.ActiveCfg = Release|Any CPU
		{6F51EB41-854C-4DF7-AA26-C7C41E874148}.Release|Any CPU.Build.0 = Release|Any CPU
		{6BD23F44-376E-43F3-BB0D-51CF3773063C}.Debug|Any CPU.ActiveCfg = Debug|Any CPU
		{6BD23F44-376E-43F3-BB0D-51CF3773063C}.Debug|Any CPU.Build.0 = Debug|Any CPU
		{6BD23F44-376E-43F3-BB0D-51CF3773063C}.Release|Any CPU.ActiveCfg = Release|Any CPU
		{6BD23F44-376E-43F3-BB0D-51CF3773063C}.Release|Any CPU.Build.0 = Release|Any CPU
		{E8D08138-0095-4FC5-83A4-1E317CD92C4E}.Debug|Any CPU.ActiveCfg = Debug|Any CPU
		{E8D08138-0095-4FC5-83A4-1E317CD92C4E}.Debug|Any CPU.Build.0 = Debug|Any CPU
		{E8D08138-0095-4FC5-83A4-1E317CD92C4E}.Release|Any CPU.ActiveCfg = Release|Any CPU
		{E8D08138-0095-4FC5-83A4-1E317CD92C4E}.Release|Any CPU.Build.0 = Release|Any CPU
	EndGlobalSection
	GlobalSection(SolutionProperties) = preSolution
		HideSolutionNode = FALSE
	EndGlobalSection
	GlobalSection(ExtensibilityGlobals) = postSolution
		SolutionGuid = {D622D0BB-14E8-41E8-BC45-68ECAE8ECE08}
	EndGlobalSection
EndGlobal
